
Microsoft Visual Studio Solution File, Format Version 12.00
# Visual Studio Version 16
VisualStudioVersion = 16.0.29403.142
MinimumVisualStudioVersion = 10.0.40219.1
Project("{FAE04EC0-301F-11D3-BF4B-00C04F79EFBC}") = "SportsStore.Domain", "SportsStore.Domain\SportsStore.Domain.csproj", "{DA8288B5-3271-4C14-A883-C643F11DB473}"
EndProject
Project("{FAE04EC0-301F-11D3-BF4B-00C04F79EFBC}") = "SportsStore.WebUI", "SportsStore.WebUI\SportsStore.WebUI.csproj", "{7A1EC2E4-D5B0-41C3-B4E3-2B8B91D7F195}"
EndProject
Project("{FAE04EC0-301F-11D3-BF4B-00C04F79EFBC}") = "SportsStore.UnitTests", "SportsStore.UnitTests\SportsStore.UnitTests.csproj", "{6AC8B470-E62E-4314-B22C-DAFDB6BA268C}"
EndProject
Global
	GlobalSection(SolutionConfigurationPlatforms) = preSolution
		Debug|Any CPU = Debug|Any CPU
		Release|Any CPU = Release|Any CPU
	EndGlobalSection
	GlobalSection(ProjectConfigurationPlatforms) = postSolution
		{DA8288B5-3271-4C14-A883-C643F11DB473}.Debug|Any CPU.ActiveCfg = Debug|Any CPU
		{DA8288B5-3271-4C14-A883-C643F11DB473}.Debug|Any CPU.Build.0 = Debug|Any CPU
		{DA8288B5-3271-4C14-A883-C643F11DB473}.Release|Any CPU.ActiveCfg = Release|Any CPU
		{DA8288B5-3271-4C14-A883-C643F11DB473}.Release|Any CPU.Build.0 = Release|Any CPU
		{7A1EC2E4-D5B0-41C3-B4E3-2B8B91D7F195}.Debug|Any CPU.ActiveCfg = Debug|Any CPU
		{7A1EC2E4-D5B0-41C3-B4E3-2B8B91D7F195}.Debug|Any CPU.Build.0 = Debug|Any CPU
		{7A1EC2E4-D5B0-41C3-B4E3-2B8B91D7F195}.Release|Any CPU.ActiveCfg = Release|Any CPU
		{7A1EC2E4-D5B0-41C3-B4E3-2B8B91D7F195}.Release|Any CPU.Build.0 = Release|Any CPU
		{6AC8B470-E62E-4314-B22C-DAFDB6BA268C}.Debug|Any CPU.ActiveCfg = Debug|Any CPU
		{6AC8B470-E62E-4314-B22C-DAFDB6BA268C}.Debug|Any CPU.Build.0 = Debug|Any CPU
		{6AC8B470-E62E-4314-B22C-DAFDB6BA268C}.Release|Any CPU.ActiveCfg = Release|Any CPU
		{6AC8B470-E62E-4314-B22C-DAFDB6BA268C}.Release|Any CPU.Build.0 = Release|Any CPU
	EndGlobalSection
	GlobalSection(SolutionProperties) = preSolution
		HideSolutionNode = FALSE
	EndGlobalSection
	GlobalSection(ExtensibilityGlobals) = postSolution
		SolutionGuid = {D145A813-0467-4297-9F50-497A8D1CE9C9}
	EndGlobalSection
EndGlobal
